// !$*UTF8*$!
{
	archiveVersion = 1;
	classes = {
	};
	objectVersion = 46;
	objects = {

/* Begin PBXBuildFile section */
		279821881BB11E8D009CFE09 /* AppDelegate.swift in Sources */ = {isa = PBXBuildFile; fileRef = 279821871BB11E8D009CFE09 /* AppDelegate.swift */; };
		2798218A1BB11E8D009CFE09 /* ViewController.swift in Sources */ = {isa = PBXBuildFile; fileRef = 279821891BB11E8D009CFE09 /* ViewController.swift */; };
		2798218D1BB11E8D009CFE09 /* Main.storyboard in Resources */ = {isa = PBXBuildFile; fileRef = 2798218B1BB11E8D009CFE09 /* Main.storyboard */; };
		2798218F1BB11E8D009CFE09 /* Images.xcassets in Resources */ = {isa = PBXBuildFile; fileRef = 2798218E1BB11E8D009CFE09 /* Images.xcassets */; };
		279821921BB11E8D009CFE09 /* LaunchScreen.xib in Resources */ = {isa = PBXBuildFile; fileRef = 279821901BB11E8D009CFE09 /* LaunchScreen.xib */; };
		2798219E1BB11E8D009CFE09 /* Guessing_GameTests.swift in Sources */ = {isa = PBXBuildFile; fileRef = 2798219D1BB11E8D009CFE09 /* Guessing_GameTests.swift */; };
/* End PBXBuildFile section */

/* Begin PBXContainerItemProxy section */
		279821981BB11E8D009CFE09 /* PBXContainerItemProxy */ = {
			isa = PBXContainerItemProxy;
			containerPortal = 2798217A1BB11E8D009CFE09 /* Project object */;
			proxyType = 1;
			remoteGlobalIDString = 279821811BB11E8D009CFE09;
			remoteInfo = "Guessing Game";
		};
/* End PBXContainerItemProxy section */

/* Begin PBXFileReference section */
		279821821BB11E8D009CFE09 /* Guessing Game.app */ = {isa = PBXFileReference; explicitFileType = wrapper.application; includeInIndex = 0; path = "Guessing Game.app"; sourceTree = BUILT_PRODUCTS_DIR; };
		279821861BB11E8D009CFE09 /* Info.plist */ = {isa = PBXFileReference; lastKnownFileType = text.plist.xml; path = Info.plist; sourceTree = "<group>"; };
		279821871BB11E8D009CFE09 /* AppDelegate.swift */ = {isa = PBXFileReference; lastKnownFileType = sourcecode.swift; path = AppDelegate.swift; sourceTree = "<group>"; };
		279821891BB11E8D009CFE09 /* ViewController.swift */ = {isa = PBXFileReference; lastKnownFileType = sourcecode.swift; path = ViewController.swift; sourceTree = "<group>"; };
		2798218C1BB11E8D009CFE09 /* Base */ = {isa = PBXFileReference; lastKnownFileType = file.storyboard; name = Base; path = Base.lproj/Main.storyboard; sourceTree = "<group>"; };
		2798218E1BB11E8D009CFE09 /* Images.xcassets */ = {isa = PBXFileReference; lastKnownFileType = folder.assetcatalog; path = Images.xcassets; sourceTree = "<group>"; };
		279821911BB11E8D009CFE09 /* Base */ = {isa = PBXFileReference; lastKnownFileType = file.xib; name = Base; path = Base.lproj/LaunchScreen.xib; sourceTree = "<group>"; };
		279821971BB11E8D009CFE09 /* Guessing GameTests.xctest */ = {isa = PBXFileReference; explicitFileType = wrapper.cfbundle; includeInIndex = 0; path = "Guessing GameTests.xctest"; sourceTree = BUILT_PRODUCTS_DIR; };
		2798219C1BB11E8D009CFE09 /* Info.plist */ = {isa = PBXFileReference; lastKnownFileType = text.plist.xml; path = Info.plist; sourceTree = "<group>"; };
		2798219D1BB11E8D009CFE09 /* Guessing_GameTests.swift */ = {isa = PBXFileReference; lastKnownFileType = sourcecode.swift; path = Guessing_GameTests.swift; sourceTree = "<group>"; };
/* End PBXFileReference section */

/* Begin PBXFrameworksBuildPhase section */
		2798217F1BB11E8D009CFE09 /* Frameworks */ = {
			isa = PBXFrameworksBuildPhase;
			buildActionMask = 2147483647;
			files = (
			);
			runOnlyForDeploymentPostprocessing = 0;
		};
		279821941BB11E8D009CFE09 /* Frameworks */ = {
			isa = PBXFrameworksBuildPhase;
			buildActionMask = 2147483647;
			files = (
			);
			runOnlyForDeploymentPostprocessing = 0;
		};
/* End PBXFrameworksBuildPhase section */

/* Begin PBXGroup section */
		279821791BB11E8D009CFE09 = {
			isa = PBXGroup;
			children = (
				279821841BB11E8D009CFE09 /* Guessing Game */,
				2798219A1BB11E8D009CFE09 /* Guessing GameTests */,
				279821831BB11E8D009CFE09 /* Products */,
			);
			sourceTree = "<group>";
		};
		279821831BB11E8D009CFE09 /* Products */ = {
			isa = PBXGroup;
			children = (
				279821821BB11E8D009CFE09 /* Guessing Game.app */,
				279821971BB11E8D009CFE09 /* Guessing GameTests.xctest */,
			);
			name = Products;
			sourceTree = "<group>";
		};
		279821841BB11E8D009CFE09 /* Guessing Game */ = {
			isa = PBXGroup;
			children = (
				279821871BB11E8D009CFE09 /* AppDelegate.swift */,
				279821891BB11E8D009CFE09 /* ViewController.swift */,
				2798218B1BB11E8D009CFE09 /* Main.storyboard */,
				2798218E1BB11E8D009CFE09 /* Images.xcassets */,
				279821901BB11E8D009CFE09 /* LaunchScreen.xib */,
				279821851BB11E8D009CFE09 /* Supporting Files */,
			);
			path = "Guessing Game";
			sourceTree = "<group>";
		};
		279821851BB11E8D009CFE09 /* Supporting Files */ = {
			isa = PBXGroup;
			children = (
				279821861BB11E8D009CFE09 /* Info.plist */,
			);
			name = "Supporting Files";
			sourceTree = "<group>";
		};
		2798219A1BB11E8D009CFE09 /* Guessing GameTests */ = {
			isa = PBXGroup;
			children = (
				2798219D1BB11E8D009CFE09 /* Guessing_GameTests.swift */,
				2798219B1BB11E8D009CFE09 /* Supporting Files */,
			);
			path = "Guessing GameTests";
			sourceTree = "<group>";
		};
		2798219B1BB11E8D009CFE09 /* Supporting Files */ = {
			isa = PBXGroup;
			children = (
				2798219C1BB11E8D009CFE09 /* Info.plist */,
			);
			name = "Supporting Files";
			sourceTree = "<group>";
		};
/* End PBXGroup section */

/* Begin PBXNativeTarget section */
		279821811BB11E8D009CFE09 /* Guessing Game */ = {
			isa = PBXNativeTarget;
			buildConfigurationList = 279821A11BB11E8D009CFE09 /* Build configuration list for PBXNativeTarget "Guessing Game" */;
			buildPhases = (
				2798217E1BB11E8D009CFE09 /* Sources */,
				2798217F1BB11E8D009CFE09 /* Frameworks */,
				279821801BB11E8D009CFE09 /* Resources */,
			);
			buildRules = (
			);
			dependencies = (
			);
			name = "Guessing Game";
			productName = "Guessing Game";
			productReference = 279821821BB11E8D009CFE09 /* Guessing Game.app */;
			productType = "com.apple.product-type.application";
		};
		279821961BB11E8D009CFE09 /* Guessing GameTests */ = {
			isa = PBXNativeTarget;
			buildConfigurationList = 279821A41BB11E8D009CFE09 /* Build configuration list for PBXNativeTarget "Guessing GameTests" */;
			buildPhases = (
				279821931BB11E8D009CFE09 /* Sources */,
				279821941BB11E8D009CFE09 /* Frameworks */,
				279821951BB11E8D009CFE09 /* Resources */,
			);
			buildRules = (
			);
			dependencies = (
				279821991BB11E8D009CFE09 /* PBXTargetDependency */,
			);
			name = "Guessing GameTests";
			productName = "Guessing GameTests";
			productReference = 279821971BB11E8D009CFE09 /* Guessing GameTests.xctest */;
			productType = "com.apple.product-type.bundle.unit-test";
		};
/* End PBXNativeTarget section */

/* Begin PBXProject section */
		2798217A1BB11E8D009CFE09 /* Project object */ = {
			isa = PBXProject;
			attributes = {
				LastUpgradeCheck = 0640;
				ORGANIZATIONNAME = "Chris Archibald";
				TargetAttributes = {
					279821811BB11E8D009CFE09 = {
						CreatedOnToolsVersion = 6.4;
					};
					279821961BB11E8D009CFE09 = {
						CreatedOnToolsVersion = 6.4;
						TestTargetID = 279821811BB11E8D009CFE09;
					};
				};
			};
			buildConfigurationList = 2798217D1BB11E8D009CFE09 /* Build configuration list for PBXProject "Guessing Game" */;
			compatibilityVersion = "Xcode 3.2";
			developmentRegion = English;
			hasScannedForEncodings = 0;
			knownRegions = (
				en,
				Base,
			);
			mainGroup = 279821791BB11E8D009CFE09;
			productRefGroup = 279821831BB11E8D009CFE09 /* Products */;
			projectDirPath = "";
			projectRoot = "";
			targets = (
				279821811BB11E8D009CFE09 /* Guessing Game */,
				279821961BB11E8D009CFE09 /* Guessing GameTests */,
			);
		};
/* End PBXProject section */

/* Begin PBXResourcesBuildPhase section */
		279821801BB11E8D009CFE09 /* Resources */ = {
			isa = PBXResourcesBuildPhase;
			buildActionMask = 2147483647;
			files = (
				2798218D1BB11E8D009CFE09 /* Main.storyboard in Resources */,
				279821921BB11E8D009CFE09 /* LaunchScreen.xib in Resources */,
				2798218F1BB11E8D009CFE09 /* Images.xcassets in Resources */,
			);
			runOnlyForDeploymentPostprocessing = 0;
		};
		279821951BB11E8D009CFE09 /* Resources */ = {
			isa = PBXResourcesBuildPhase;
			buildActionMask = 2147483647;
			files = (
			);
			runOnlyForDeploymentPostprocessing = 0;
		};
/* End PBXResourcesBuildPhase section */

/* Begin PBXSourcesBuildPhase section */
		2798217E1BB11E8D009CFE09 /* Sources */ = {
			isa = PBXSourcesBuildPhase;
			buildActionMask = 2147483647;
			files = (
				2798218A1BB11E8D009CFE09 /* ViewController.swift in Sources */,
				279821881BB11E8D009CFE09 /* AppDelegate.swift in Sources */,
			);
			runOnlyForDeploymentPostprocessing = 0;
		};
		279821931BB11E8D009CFE09 /* Sources */ = {
			isa = PBXSourcesBuildPhase;
			buildActionMask = 2147483647;
			files = (
				2798219E1BB11E8D009CFE09 /* Guessing_GameTests.swift in Sources */,
			);
			runOnlyForDeploymentPostprocessing = 0;
		};
/* End PBXSourcesBuildPhase section */

/* Begin PBXTargetDependency section */
		279821991BB11E8D009CFE09 /* PBXTargetDependency */ = {
			isa = PBXTargetDependency;
			target = 279821811BB11E8D009CFE09 /* Guessing Game */;
			targetProxy = 279821981BB11E8D009CFE09 /* PBXContainerItemProxy */;
		};
/* End PBXTargetDependency section */

/* Begin PBXVariantGroup section */
		2798218B1BB11E8D009CFE09 /* Main.storyboard */ = {
			isa = PBXVariantGroup;
			children = (
				2798218C1BB11E8D009CFE09 /* Base */,
			);
			name = Main.storyboard;
			sourceTree = "<group>";
		};
		279821901BB11E8D009CFE09 /* LaunchScreen.xib */ = {
			isa = PBXVariantGroup;
			children = (
				279821911BB11E8D009CFE09 /* Base */,
			);
			name = LaunchScreen.xib;
			sourceTree = "<group>";
		};
/* End PBXVariantGroup section */

/* Begin XCBuildConfiguration section */
		2798219F1BB11E8D009CFE09 /* Debug */ = {
			isa = XCBuildConfiguration;
			buildSettings = {
				ALWAYS_SEARCH_USER_PATHS = NO;
				CLANG_CXX_LANGUAGE_STANDARD = "gnu++0x";
				CLANG_CXX_LIBRARY = "libc++";
				CLANG_ENABLE_MODULES = YES;
				CLANG_ENABLE_OBJC_ARC = YES;
				CLANG_WARN_BOOL_CONVERSION = YES;
				CLANG_WARN_CONSTANT_CONVERSION = YES;
				CLANG_WARN_DIRECT_OBJC_ISA_USAGE = YES_ERROR;
				CLANG_WARN_EMPTY_BODY = YES;
				CLANG_WARN_ENUM_CONVERSION = YES;
				CLANG_WARN_INT_CONVERSION = YES;
				CLANG_WARN_OBJC_ROOT_CLASS = YES_ERROR;
				CLANG_WARN_UNREACHABLE_CODE = YES;
				CLANG_WARN__DUPLICATE_METHOD_MATCH = YES;
				"CODE_SIGN_IDENTITY[sdk=iphoneos*]" = "iPhone Developer";
				COPY_PHASE_STRIP = NO;
				DEBUG_INFORMATION_FORMAT = "dwarf-with-dsym";
				ENABLE_STRICT_OBJC_MSGSEND = YES;
				GCC_C_LANGUAGE_STANDARD = gnu99;
				GCC_DYNAMIC_NO_PIC = NO;
				GCC_NO_COMMON_BLOCKS = YES;
				GCC_OPTIMIZATION_LEVEL = 0;
				GCC_PREPROCESSOR_DEFINITIONS = (
					"DEBUG=1",
					"$(inherited)",
				);
				GCC_SYMBOLS_PRIVATE_EXTERN = NO;
				GCC_WARN_64_TO_32_BIT_CONVERSION = YES;
				GCC_WARN_ABOUT_RETURN_TYPE = YES_ERROR;
				GCC_WARN_UNDECLARED_SELECTOR = YES;
				GCC_WARN_UNINITIALIZED_AUTOS = YES_AGGRESSIVE;
				GCC_WARN_UNUSED_FUNCTION = YES;
				GCC_WARN_UNUSED_VARIABLE = YES;
				IPHONEOS_DEPLOYMENT_TARGET = 8.4;
				MTL_ENABLE_DEBUG_INFO = YES;
				ONLY_ACTIVE_ARCH = YES;
				SDKROOT = iphoneos;
				SWIFT_OPTIMIZATION_LEVEL = "-Onone";
				TARGETED_DEVICE_FAMILY = "1,2";
			};
			name = Debug;
		};
		279821A01BB11E8D009CFE09 /* Release */ = {
			isa = XCBuildConfiguration;
			buildSettings = {
				ALWAYS_SEARCH_USER_PATHS = NO;
				CLANG_CXX_LANGUAGE_STANDARD = "gnu++0x";
				CLANG_CXX_LIBRARY = "libc++";
				CLANG_ENABLE_MODULES = YES;
				CLANG_ENABLE_OBJC_ARC = YES;
				CLANG_WARN_BOOL_CONVERSION = YES;
				CLANG_WARN_CONSTANT_CONVERSION = YES;
				CLANG_WARN_DIRECT_OBJC_ISA_USAGE = YES_ERROR;
				CLANG_WARN_EMPTY_BODY = YES;
				CLANG_WARN_ENUM_CONVERSION = YES;
				CLANG_WARN_INT_CONVERSION = YES;
				CLANG_WARN_OBJC_ROOT_CLASS = YES_ERROR;
				CLANG_WARN_UNREACHABLE_CODE = YES;
				CLANG_WARN__DUPLICATE_METHOD_MATCH = YES;
				"CODE_SIGN_IDENTITY[sdk=iphoneos*]" = "iPhone Developer";
				COPY_PHASE_STRIP = NO;
				DEBUG_INFORMATION_FORMAT = "dwarf-with-dsym";
				ENABLE_NS_ASSERTIONS = NO;
				ENABLE_STRICT_OBJC_MSGSEND = YES;
				GCC_C_LANGUAGE_STANDARD = gnu99;
				GCC_NO_COMMON_BLOCKS = YES;
				GCC_WARN_64_TO_32_BIT_CONVERSION = YES;
				GCC_WARN_ABOUT_RETURN_TYPE = YES_ERROR;
				GCC_WARN_UNDECLARED_SELECTOR = YES;
				GCC_WARN_UNINITIALIZED_AUTOS = YES_AGGRESSIVE;
				GCC_WARN_UNUSED_FUNCTION = YES;
				GCC_WARN_UNUSED_VARIABLE = YES;
				IPHONEOS_DEPLOYMENT_TARGET = 8.4;
				MTL_ENABLE_DEBUG_INFO = NO;
				SDKROOT = iphoneos;
				TARGETED_DEVICE_FAMILY = "1,2";
				VALIDATE_PRODUCT = YES;
			};
			name = Release;
		};
		279821A21BB11E8D009CFE09 /* Debug */ = {
			isa = XCBuildConfiguration;
			buildSettings = {
				ASSETCATALOG_COMPILER_APPICON_NAME = AppIcon;
				INFOPLIST_FILE = "Guessing Game/Info.plist";
				LD_RUNPATH_SEARCH_PATHS = "$(inherited) @executable_path/Frameworks";
				PRODUCT_NAME = "$(TARGET_NAME)";
			};
			name = Debug;
		};
		279821A31BB11E8D009CFE09 /* Release */ = {
			isa = XCBuildConfiguration;
			buildSettings = {
				ASSETCATALOG_COMPILER_APPICON_NAME = AppIcon;
				INFOPLIST_FILE = "Guessing Game/Info.plist";
				LD_RUNPATH_SEARCH_PATHS = "$(inherited) @executable_path/Frameworks";
				PRODUCT_NAME = "$(TARGET_NAME)";
			};
			name = Release;
		};
		279821A51BB11E8D009CFE09 /* Debug */ = {
			isa = XCBuildConfiguration;
			buildSettings = {
				BUNDLE_LOADER = "$(TEST_HOST)";
				FRAMEWORK_SEARCH_PATHS = (
					"$(SDKROOT)/Developer/Library/Frameworks",
					"$(inherited)",
				);
				GCC_PREPROCESSOR_DEFINITIONS = (
					"DEBUG=1",
					"$(inherited)",
				);
				INFOPLIST_FILE = "Guessing GameTests/Info.plist";
				LD_RUNPATH_SEARCH_PATHS = "$(inherited) @executable_path/Frameworks @loader_path/Frameworks";
				PRODUCT_NAME = "$(TARGET_NAME)";
				TEST_HOST = "$(BUILT_PRODUCTS_DIR)/Guessing Game.app/Guessing Game";
			};
			name = Debug;
		};
		279821A61BB11E8D009CFE09 /* Release */ = {
			isa = XCBuildConfiguration;
			buildSettings = {
				BUNDLE_LOADER = "$(TEST_HOST)";
				FRAMEWORK_SEARCH_PATHS = (
					"$(SDKROOT)/Developer/Library/Frameworks",
					"$(inherited)",
				);
				INFOPLIST_FILE = "Guessing GameTests/Info.plist";
				LD_RUNPATH_SEARCH_PATHS = "$(inherited) @executable_path/Frameworks @loader_path/Frameworks";
				PRODUCT_NAME = "$(TARGET_NAME)";
				TEST_HOST = "$(BUILT_PRODUCTS_DIR)/Guessing Game.app/Guessing Game";
			};
			name = Release;
		};
/* End XCBuildConfiguration section */

/* Begin XCConfigurationList section */
		2798217D1BB11E8D009CFE09 /* Build configuration list for PBXProject "Guessing Game" */ = {
			isa = XCConfigurationList;
			buildConfigurations = (
				2798219F1BB11E8D009CFE09 /* Debug */,
				279821A01BB11E8D009CFE09 /* Release */,
			);
			defaultConfigurationIsVisible = 0;
			defaultConfigurationName = Release;
		};
		279821A11BB11E8D009CFE09 /* Build configuration list for PBXNativeTarget "Guessing Game" */ = {
			isa = XCConfigurationList;
			buildConfigurations = (
				279821A21BB11E8D009CFE09 /* Debug */,
				279821A31BB11E8D009CFE09 /* Release */,
			);
			defaultConfigurationIsVisible = 0;
		};
		279821A41BB11E8D009CFE09 /* Build configuration list for PBXNativeTarget "Guessing GameTests" */ = {
			isa = XCConfigurationList;
			buildConfigurations = (
				279821A51BB11E8D009CFE09 /* Debug */,
				279821A61BB11E8D009CFE09 /* Release */,
			);
			defaultConfigurationIsVisible = 0;
		};
/* End XCConfigurationList section */
	};
	rootObject = 2798217A1BB11E8D009CFE09 /* Project object */;
}
